
Microsoft Visual Studio Solution File, Format Version 12.00
Project("{FAE04EC0-301F-11D3-BF4B-00C04F79EFBC}") = "OddOccurrencesInArray", "OddOccurrencesInArray.csproj", "{81E75A33-46E2-493C-8CCB-ACF3CCECB7EE}"
EndProject
Global
	GlobalSection(SolutionConfigurationPlatforms) = preSolution
		Debug|Any CPU = Debug|Any CPU
		Release|Any CPU = Release|Any CPU
	EndGlobalSection
	GlobalSection(ProjectConfigurationPlatforms) = postSolution
		{81E75A33-46E2-493C-8CCB-ACF3CCECB7EE}.Debug|Any CPU.ActiveCfg = Debug|Any CPU
		{81E75A33-46E2-493C-8CCB-ACF3CCECB7EE}.Debug|Any CPU.Build.0 = Debug|Any CPU
		{81E75A33-46E2-493C-8CCB-ACF3CCECB7EE}.Release|Any CPU.ActiveCfg = Release|Any CPU
		{81E75A33-46E2-493C-8CCB-ACF3CCECB7EE}.Release|Any CPU.Build.0 = Release|Any CPU
	EndGlobalSection
EndGlobal
